
Microsoft Visual Studio Solution File, Format Version 12.00
# Visual Studio Version 16
VisualStudioVersion = 16.0.29911.84
MinimumVisualStudioVersion = 10.0.40219.1
Project("{2150E333-8FDC-42A3-9474-1A3956D46DE8}") = "src", "src", "{23644F14-D252-4260-8C3F-8F800DFD828A}"
EndProject
Project("{2150E333-8FDC-42A3-9474-1A3956D46DE8}") = "test", "test", "{435DDF80-5859-4302-9400-FF988557B487}"
EndProject
Project("{9A19103F-16F7-4668-BE54-9A1E7A4F7556}") = "Galaxy.Railway", "src\Galaxy.Railway\Galaxy.Railway.csproj", "{B5ED1684-B02D-4139-9275-56A8458A59C9}"
EndProject
Project("{9A19103F-16F7-4668-BE54-9A1E7A4F7556}") = "Galaxy.Railway.Tests", "test\Galaxy.Railway.Tests\Galaxy.Railway.Tests.csproj", "{409CA543-84C5-43EE-91F1-3ECC4EA25412}"
EndProject
Project("{2150E333-8FDC-42A3-9474-1A3956D46DE8}") = "samples", "samples", "{EC201AC3-56FD-4F17-B7BE-A34DB5AED5F9}"
EndProject
Project("{9A19103F-16F7-4668-BE54-9A1E7A4F7556}") = "Galaxy.Railway.Examples", "samples\Galaxy.Railway.Examples\Galaxy.Railway.Examples.csproj", "{B00D0CDA-1E46-465B-9132-88B2FA3D95CD}"
EndProject
Global
	GlobalSection(SolutionConfigurationPlatforms) = preSolution
		Debug|Any CPU = Debug|Any CPU
		Release|Any CPU = Release|Any CPU
	EndGlobalSection
	GlobalSection(ProjectConfigurationPlatforms) = postSolution
		{B5ED1684-B02D-4139-9275-56A8458A59C9}.Debug|Any CPU.ActiveCfg = Debug|Any CPU
		{B5ED1684-B02D-4139-9275-56A8458A59C9}.Debug|Any CPU.Build.0 = Debug|Any CPU
		{B5ED1684-B02D-4139-9275-56A8458A59C9}.Release|Any CPU.ActiveCfg = Release|Any CPU
		{B5ED1684-B02D-4139-9275-56A8458A59C9}.Release|Any CPU.Build.0 = Release|Any CPU
		{409CA543-84C5-43EE-91F1-3ECC4EA25412}.Debug|Any CPU.ActiveCfg = Debug|Any CPU
		{409CA543-84C5-43EE-91F1-3ECC4EA25412}.Debug|Any CPU.Build.0 = Debug|Any CPU
		{409CA543-84C5-43EE-91F1-3ECC4EA25412}.Release|Any CPU.ActiveCfg = Release|Any CPU
		{409CA543-84C5-43EE-91F1-3ECC4EA25412}.Release|Any CPU.Build.0 = Release|Any CPU
		{B00D0CDA-1E46-465B-9132-88B2FA3D95CD}.Debug|Any CPU.ActiveCfg = Debug|Any CPU
		{B00D0CDA-1E46-465B-9132-88B2FA3D95CD}.Debug|Any CPU.Build.0 = Debug|Any CPU
		{B00D0CDA-1E46-465B-9132-88B2FA3D95CD}.Release|Any CPU.ActiveCfg = Release|Any CPU
		{B00D0CDA-1E46-465B-9132-88B2FA3D95CD}.Release|Any CPU.Build.0 = Release|Any CPU
	EndGlobalSection
	GlobalSection(SolutionProperties) = preSolution
		HideSolutionNode = FALSE
	EndGlobalSection
	GlobalSection(NestedProjects) = preSolution
		{B5ED1684-B02D-4139-9275-56A8458A59C9} = {23644F14-D252-4260-8C3F-8F800DFD828A}
		{409CA543-84C5-43EE-91F1-3ECC4EA25412} = {435DDF80-5859-4302-9400-FF988557B487}
		{B00D0CDA-1E46-465B-9132-88B2FA3D95CD} = {EC201AC3-56FD-4F17-B7BE-A34DB5AED5F9}
	EndGlobalSection
	GlobalSection(ExtensibilityGlobals) = postSolution
		SolutionGuid = {8A78E573-38EE-4BCE-85BA-983F056175BB}
	EndGlobalSection
EndGlobal
